
Microsoft Visual Studio Solution File, Format Version 12.00
# Visual Studio Version 17
VisualStudioVersion = 17.5.33516.290
MinimumVisualStudioVersion = 10.0.40219.1
Project("{9A19103F-16F7-4668-BE54-9A1E7A4F7556}") = "Haiku", "Haiku\Haiku.csproj", "{881A5D65-D6F8-4D33-B715-992FB59B38C5}"
EndProject
Project("{9A19103F-16F7-4668-BE54-9A1E7A4F7556}") = "AleF.SemanticBots", "AleF.SemanticBots\AleF.SemanticBots.csproj", "{C64F1FA2-79F0-46BB-BE5C-3A4F811A4E0E}"
EndProject
Project("{9A19103F-16F7-4668-BE54-9A1E7A4F7556}") = "AleF.SemanticBots.Tests", "AleF.SemanticBots.Tests\AleF.SemanticBots.Tests.csproj", "{6E28FE83-D7C3-48AA-AA08-5D37FE6E4F29}"
EndProject
Project("{FAE04EC0-301F-11D3-BF4B-00C04F79EFBC}") = "BlazorChat", "BlazorChat\BlazorChat.csproj", "{189009B6-613C-450A-91CA-3BD0B7F3F4F9}"
EndProject
Global
	GlobalSection(SolutionConfigurationPlatforms) = preSolution
		Debug|Any CPU = Debug|Any CPU
		Release|Any CPU = Release|Any CPU
	EndGlobalSection
	GlobalSection(ProjectConfigurationPlatforms) = postSolution
		{881A5D65-D6F8-4D33-B715-992FB59B38C5}.Debug|Any CPU.ActiveCfg = Debug|Any CPU
		{881A5D65-D6F8-4D33-B715-992FB59B38C5}.Debug|Any CPU.Build.0 = Debug|Any CPU
		{881A5D65-D6F8-4D33-B715-992FB59B38C5}.Release|Any CPU.ActiveCfg = Release|Any CPU
		{881A5D65-D6F8-4D33-B715-992FB59B38C5}.Release|Any CPU.Build.0 = Release|Any CPU
		{C64F1FA2-79F0-46BB-BE5C-3A4F811A4E0E}.Debug|Any CPU.ActiveCfg = Debug|Any CPU
		{C64F1FA2-79F0-46BB-BE5C-3A4F811A4E0E}.Debug|Any CPU.Build.0 = Debug|Any CPU
		{C64F1FA2-79F0-46BB-BE5C-3A4F811A4E0E}.Release|Any CPU.ActiveCfg = Release|Any CPU
		{C64F1FA2-79F0-46BB-BE5C-3A4F811A4E0E}.Release|Any CPU.Build.0 = Release|Any CPU
		{6E28FE83-D7C3-48AA-AA08-5D37FE6E4F29}.Debug|Any CPU.ActiveCfg = Debug|Any CPU
		{6E28FE83-D7C3-48AA-AA08-5D37FE6E4F29}.Debug|Any CPU.Build.0 = Debug|Any CPU
		{6E28FE83-D7C3-48AA-AA08-5D37FE6E4F29}.Release|Any CPU.ActiveCfg = Release|Any CPU
		{6E28FE83-D7C3-48AA-AA08-5D37FE6E4F29}.Release|Any CPU.Build.0 = Release|Any CPU
		{189009B6-613C-450A-91CA-3BD0B7F3F4F9}.Debug|Any CPU.ActiveCfg = Debug|Any CPU
		{189009B6-613C-450A-91CA-3BD0B7F3F4F9}.Debug|Any CPU.Build.0 = Debug|Any CPU
		{189009B6-613C-450A-91CA-3BD0B7F3F4F9}.Release|Any CPU.ActiveCfg = Release|Any CPU
		{189009B6-613C-450A-91CA-3BD0B7F3F4F9}.Release|Any CPU.Build.0 = Release|Any CPU
	EndGlobalSection
	GlobalSection(SolutionProperties) = preSolution
		HideSolutionNode = FALSE
	EndGlobalSection
	GlobalSection(ExtensibilityGlobals) = postSolution
		SolutionGuid = {47E093CA-24AC-44A5-A9CD-42C2F4EE194A}
	EndGlobalSection
EndGlobal
